
Microsoft Visual Studio Solution File, Format Version 12.00
# Visual Studio Version 16
VisualStudioVersion = 16.0.29911.84
MinimumVisualStudioVersion = 10.0.40219.1
Project("{FAE04EC0-301F-11D3-BF4B-00C04F79EFBC}") = "TestGPU", "TestGPU\TestGPU.csproj", "{94969255-CA56-4A4A-9EB6-71093C3FDF0A}"
EndProject
Global
	GlobalSection(SolutionConfigurationPlatforms) = preSolution
		Debug|Any CPU = Debug|Any CPU
		Release|Any CPU = Release|Any CPU
	EndGlobalSection
	GlobalSection(ProjectConfigurationPlatforms) = postSolution
		{94969255-CA56-4A4A-9EB6-71093C3FDF0A}.Debug|Any CPU.ActiveCfg = Debug|Any CPU
		{94969255-CA56-4A4A-9EB6-71093C3FDF0A}.Debug|Any CPU.Build.0 = Debug|Any CPU
		{94969255-CA56-4A4A-9EB6-71093C3FDF0A}.Release|Any CPU.ActiveCfg = Release|Any CPU
		{94969255-CA56-4A4A-9EB6-71093C3FDF0A}.Release|Any CPU.Build.0 = Release|Any CPU
	EndGlobalSection
	GlobalSection(SolutionProperties) = preSolution
		HideSolutionNode = FALSE
	EndGlobalSection
	GlobalSection(ExtensibilityGlobals) = postSolution
		SolutionGuid = {A3D8ED22-D008-4E73-B0B3-070BBFB857A1}
	EndGlobalSection
EndGlobal
